<?xml version="1.0" encoding="utf-8"?>
<Project ToolsVersion="4.0" xmlns="http://schemas.microsoft.com/developer/msbuild/2003">
  <ItemGroup>
    <Filter Include="Source Files">
      <UniqueIdentifier>{4FC737F1-C7A5-4376-A066-2A32D752A2FF}</UniqueIdentifier>
      <Extensions>cpp;c;cc;cxx;c++;cppm;ixx;def;odl;idl;hpj;bat;asm;asmx</Extensions>
    </Filter>
    <Filter Include="Header Files">
      <UniqueIdentifier>{93995380-89BD-4b04-88EB-625FBE52EBFB}</UniqueIdentifier>
      <Extensions>h;hh;hpp;hxx;h++;hm;inl;inc;ipp;xsd</Extensions>
    </Filter>
    <Filter Include="Resource Files">
      <UniqueIdentifier>{67DA6AB6-F800-4c08-8B7A-83BB121AAD01}</UniqueIdentifier>
      <Extensions>rc;ico;cur;bmp;dlg;rc2;rct;bin;rgs;gif;jpg;jpeg;jpe;resx;tiff;tif;png;wav;mfcribbon-ms</Extensions>
    </Filter>
    <Filter Include="Shaders">
      <UniqueIdentifier>{ed18ba48-e7db-418d-b3c2-976cd02e2e36}</UniqueIdentifier>
    </Filter>
    <Filter Include="Common">
      <UniqueIdentifier>{4267d725-7559-4cc9-94d3-23893e2cd931}</UniqueIdentifier>
    </Filter>
    <Filter Include="Textures">
      <UniqueIdentifier>{22b949e9-a6ba-40bc-a861-231763ad40e3}</UniqueIdentifier>
    </Filter>
  </ItemGroup>
  <ItemGroup>
    <ClCompile Include="Aircraft.cpp">
      <Filter>Source Files</Filter>
    </ClCompile>
    <ClCompile Include="Entity.cpp">
      <Filter>Source Files</Filter>
    </ClCompile>
    <ClCompile Include="FrameResource.cpp">
      <Filter>Source Files</Filter>
    </ClCompile>
    <ClCompile Include="Game.cpp">
      <Filter>Source Files</Filter>
    </ClCompile>
    <ClCompile Include="main.cpp">
      <Filter>Source Files</Filter>
    </ClCompile>
    <ClCompile Include="SceneNode.cpp">
      <Filter>Source Files</Filter>
    </ClCompile>
    <ClCompile Include="SpriteNode.cpp">
      <Filter>Source Files</Filter>
    </ClCompile>
    <ClCompile Include="World.cpp">
      <Filter>Source Files</Filter>
    </ClCompile>
    <ClCompile Include="..\Common\Camera.cpp">
      <Filter>Common</Filter>
    </ClCompile>
    <ClCompile Include="..\Common\d3dApp.cpp">
      <Filter>Common</Filter>
    </ClCompile>
    <ClCompile Include="..\Common\d3dUtil.cpp">
      <Filter>Common</Filter>
    </ClCompile>
    <ClCompile Include="..\Common\DDSTextureLoader.cpp">
      <Filter>Common</Filter>
    </ClCompile>
    <ClCompile Include="..\Common\GameTimer.cpp">
      <Filter>Common</Filter>
    </ClCompile>
    <ClCompile Include="..\Common\GeometryGenerator.cpp">
      <Filter>Common</Filter>
    </ClCompile>
    <ClCompile Include="..\Common\MathHelper.cpp">
      <Filter>Common</Filter>
    </ClCompile>
  </ItemGroup>
  <ItemGroup>
    <ClInclude Include="Aircraft.hpp">
      <Filter>Header Files</Filter>
    </ClInclude>
    <ClInclude Include="Entity.hpp">
      <Filter>Header Files</Filter>
    </ClInclude>
    <ClInclude Include="FrameResource.h">
      <Filter>Header Files</Filter>
    </ClInclude>
    <ClInclude Include="Game.hpp">
      <Filter>Header Files</Filter>
    </ClInclude>
    <ClInclude Include="SceneNode.hpp">
      <Filter>Header Files</Filter>
    </ClInclude>
    <ClInclude Include="SpriteNode.h">
      <Filter>Header Files</Filter>
    </ClInclude>
    <ClInclude Include="World.hpp">
      <Filter>Header Files</Filter>
    </ClInclude>
    <ClInclude Include="..\Common\Camera.h">
      <Filter>Common</Filter>
    </ClInclude>
    <ClInclude Include="..\Common\d3dApp.h">
      <Filter>Common</Filter>
    </ClInclude>
    <ClInclude Include="..\Common\d3dUtil.h">
      <Filter>Common</Filter>
    </ClInclude>
    <ClInclude Include="..\Common\d3dx12.h">
      <Filter>Common</Filter>
    </ClInclude>
    <ClInclude Include="..\Common\DDSTextureLoader.h">
      <Filter>Common</Filter>
    </ClInclude>
    <ClInclude Include="..\Common\GameTimer.h">
      <Filter>Common</Filter>
    </ClInclude>
    <ClInclude Include="..\Common\GeometryGenerator.h">
      <Filter>Common</Filter>
    </ClInclude>
    <ClInclude Include="..\Common\MathHelper.h">
      <Filter>Common</Filter>
    </ClInclude>
    <ClInclude Include="..\Common\UploadBuffer.h">
      <Filter>Common</Filter>
    </ClInclude>
  </ItemGroup>
  <ItemGroup>
    <FxCompile Include="Shaders\color.hlsl">
      <Filter>Shaders</Filter>
    </FxCompile>
    <FxCompile Include="Shaders\Default.hlsl">
      <Filter>Shaders</Filter>
    </FxCompile>
    <FxCompile Include="Shaders\LightingUtil.hlsl">
      <Filter>Shaders</Filter>
    </FxCompile>
    <FxCompile Include="Shaders\PS.hlsl">
      <Filter>Shaders</Filter>
    </FxCompile>
    <FxCompile Include="Shaders\VS.hlsl">
      <Filter>Shaders</Filter>
    </FxCompile>
  </ItemGroup>
  <ItemGroup>
    <None Include="Shaders\PS.asm">
      <Filter>Shaders</Filter>
    </None>
    <None Include="Shaders\PS.cso">
      <Filter>Shaders</Filter>
    </None>
    <None Include="Shaders\VS.asm">
      <Filter>Shaders</Filter>
    </None>
    <None Include="Shaders\VS.cso">
      <Filter>Shaders</Filter>
    </None>
    <None Include="..\Textures\texassemble.exe">
      <Filter>Textures</Filter>
    </None>
  </ItemGroup>
  <ItemGroup>
    <Image Include="..\Textures\bricks.dds">
      <Filter>Textures</Filter>
    </Image>
    <Image Include="..\Textures\bricks_nmap.dds">
      <Filter>Textures</Filter>
    </Image>
    <Image Include="..\Textures\bricks2.dds">
      <Filter>Textures</Filter>
    </Image>
    <Image Include="..\Textures\bricks2_nmap.dds">
      <Filter>Textures</Filter>
    </Image>
    <Image Include="..\Textures\bricks3.dds">
      <Filter>Textures</Filter>
    </Image>
    <Image Include="..\Textures\building.dds">
      <Filter>Textures</Filter>
    </Image>
    <Image Include="..\Textures\building.jpg">
      <Filter>Textures</Filter>
    </Image>
    <Image Include="..\Textures\canada.dds">
      <Filter>Textures</Filter>
    </Image>
    <Image Include="..\Textures\checkboard.dds">
      <Filter>Textures</Filter>
    </Image>
    <Image Include="..\Textures\concrete.dds">
      <Filter>Textures</Filter>
    </Image>
    <Image Include="..\Textures\concrete.jpg">
      <Filter>Textures</Filter>
    </Image>
    <Image Include="..\Textures\cute_image.jpg">
      <Filter>Textures</Filter>
    </Image>
    <Image Include="..\Textures\default_nmap.dds">
      <Filter>Textures</Filter>
    </Image>
    <Image Include="..\Textures\Desert.dds">
      <Filter>Textures</Filter>
    </Image>
    <Image Include="..\Textures\Desert.png">
      <Filter>Textures</Filter>
    </Image>
    <Image Include="..\Textures\desertcube1024.dds">
      <Filter>Textures</Filter>
    </Image>
    <Image Include="..\Textures\Eagle.dds">
      <Filter>Textures</Filter>
    </Image>
    <Image Include="..\Textures\Eagle.png">
      <Filter>Textures</Filter>
    </Image>
    <Image Include="..\Textures\flagArray.dds">
      <Filter>Textures</Filter>
    </Image>
    <Image Include="..\Textures\grass.dds">
      <Filter>Textures</Filter>
    </Image>
    <Image Include="..\Textures\grasscube1024.dds">
      <Filter>Textures</Filter>
    </Image>
    <Image Include="..\Textures\head_diff.dds">
      <Filter>Textures</Filter>
    </Image>
    <Image Include="..\Textures\head_norm.dds">
      <Filter>Textures</Filter>
    </Image>
    <Image Include="..\Textures\ice.dds">
      <Filter>Textures</Filter>
    </Image>
    <Image Include="..\Textures\icon.png">
      <Filter>Textures</Filter>
    </Image>
    <Image Include="..\Textures\intersection.dds">
      <Filter>Textures</Filter>
    </Image>
    <Image Include="..\Textures\jacket_diff.dds">
      <Filter>Textures</Filter>
    </Image>
    <Image Include="..\Textures\jacket_norm.dds">
      <Filter>Textures</Filter>
    </Image>
    <Image Include="..\Textures\Mushroom.png">
      <Filter>Textures</Filter>
    </Image>
    <Image Include="..\Textures\pants_diff.dds">
      <Filter>Textures</Filter>
    </Image>
    <Image Include="..\Textures\pants_norm.dds">
      <Filter>Textures</Filter>
    </Image>
    <Image Include="..\Textures\Raptor.dds">
      <Filter>Textures</Filter>
    </Image>
    <Image Include="..\Textures\Raptor.png">
      <Filter>Textures</Filter>
    </Image>
    <Image Include="..\Textures\road.dds">
      <Filter>Textures</Filter>
    </Image>
    <Image Include="..\Textures\roof.dds">
      <Filter>Textures</Filter>
    </Image>
    <Image Include="..\Textures\snowcube1024.dds">
      <Filter>Textures</Filter>
    </Image>
    <Image Include="..\Textures\stone.dds">
      <Filter>Textures</Filter>
    </Image>
    <Image Include="..\Textures\sunsetcube1024.dds">
      <Filter>Textures</Filter>
    </Image>
    <Image Include="..\Textures\tile.dds">
      <Filter>Textures</Filter>
    </Image>
    <Image Include="..\Textures\tile_nmap.dds">
      <Filter>Textures</Filter>
    </Image>
    <Image Include="..\Textures\tree0.bmp">
      <Filter>Textures</Filter>
    </Image>
    <Image Include="..\Textures\tree01S.dds">
      <Filter>Textures</Filter>
    </Image>
    <Image Include="..\Textures\tree1.bmp">
      <Filter>Textures</Filter>
    </Image>
    <Image Include="..\Textures\tree02S.dds">
      <Filter>Textures</Filter>
    </Image>
    <Image Include="..\Textures\tree2.bmp">
      <Filter>Textures</Filter>
    </Image>
    <Image Include="..\Textures\tree35S.dds">
      <Filter>Textures</Filter>
    </Image>
    <Image Include="..\Textures\treearray.dds">
      <Filter>Textures</Filter>
    </Image>
    <Image Include="..\Textures\treeArray2.dds">
      <Filter>Textures</Filter>
    </Image>
    <Image Include="..\Textures\uk.dds">
      <Filter>Textures</Filter>
    </Image>
    <Image Include="..\Textures\upBody_diff.dds">
      <Filter>Textures</Filter>
    </Image>
    <Image Include="..\Textures\upbody_norm.dds">
      <Filter>Textures</Filter>
    </Image>
    <Image Include="..\Textures\us.dds">
      <Filter>Textures</Filter>
    </Image>
    <Image Include="..\Textures\water1.dds">
      <Filter>Textures</Filter>
    </Image>
    <Image Include="..\Textures\white1x1.dds">
      <Filter>Textures</Filter>
    </Image>
    <Image Include="..\Textures\WireFence.dds">
      <Filter>Textures</Filter>
    </Image>
    <Image Include="..\Textures\WoodCrate01.dds">
      <Filter>Textures</Filter>
    </Image>
    <Image Include="..\Textures\WoodCrate02.dds">
      <Filter>Textures</Filter>
    </Image>
  </ItemGroup>
</Project>